
Microsoft Visual Studio Solution File, Format Version 11.00
# Visual Studio 2010
Project("{FAE04EC0-301F-11D3-BF4B-00C04F79EFBC}") = "CityQuest", "Assembly-CSharp.csproj", "{4EDF0DA8-98A5-E1EC-206C-041D4C101296}"
EndProject
Global
	GlobalSection(SolutionConfigurationPlatforms) = preSolution
		Debug|Any CPU = Debug|Any CPU
		Release|Any CPU = Release|Any CPU
	EndGlobalSection
	GlobalSection(ProjectConfigurationPlatforms) = postSolution
		{4EDF0DA8-98A5-E1EC-206C-041D4C101296}.Debug|Any CPU.ActiveCfg = Debug|Any CPU
		{4EDF0DA8-98A5-E1EC-206C-041D4C101296}.Debug|Any CPU.Build.0 = Debug|Any CPU
		{4EDF0DA8-98A5-E1EC-206C-041D4C101296}.Release|Any CPU.ActiveCfg = Release|Any CPU
		{4EDF0DA8-98A5-E1EC-206C-041D4C101296}.Release|Any CPU.Build.0 = Release|Any CPU
	EndGlobalSection
	GlobalSection(SolutionProperties) = preSolution
		HideSolutionNode = FALSE
	EndGlobalSection
	GlobalSection(MonoDevelopProperties) = preSolution
		StartupItem = Assembly-CSharp.csproj
	EndGlobalSection
EndGlobal
